
Microsoft Visual Studio Solution File, Format Version 12.00
# Visual Studio Version 17
VisualStudioVersion = 17.14.36414.22 d17.14
MinimumVisualStudioVersion = 10.0.40219.1
Project("{888888A0-9F3D-457C-B088-3A5042F75D52}") = "AICareerCoach", "AICareerCoach.pyproj", "{CEA8B95C-037C-4919-A12F-F8E5BFFE31B1}"
EndProject
Global
	GlobalSection(SolutionConfigurationPlatforms) = preSolution
		Debug|Any CPU = Debug|Any CPU
		Release|Any CPU = Release|Any CPU
	EndGlobalSection
	GlobalSection(ProjectConfigurationPlatforms) = postSolution
		{CEA8B95C-037C-4919-A12F-F8E5BFFE31B1}.Debug|Any CPU.ActiveCfg = Debug|Any CPU
		{CEA8B95C-037C-4919-A12F-F8E5BFFE31B1}.Debug|Any CPU.Build.0 = Debug|Any CPU
		{CEA8B95C-037C-4919-A12F-F8E5BFFE31B1}.Release|Any CPU.ActiveCfg = Release|Any CPU
		{CEA8B95C-037C-4919-A12F-F8E5BFFE31B1}.Release|Any CPU.Build.0 = Release|Any CPU
	EndGlobalSection
	GlobalSection(SolutionProperties) = preSolution
		HideSolutionNode = FALSE
	EndGlobalSection
	GlobalSection(ExtensibilityGlobals) = postSolution
		SolutionGuid = {424DEA56-9C77-4347-AA0E-3B5B60163B24}
	EndGlobalSection
EndGlobal
